{
  "name": "WebDev",
  "lockfileVersion": 3,
  "requires": true,
  "packages": {
    "": {
      "dependencies": {
        "ejs": "^6.0.1"
      }
    },
    "node_modules/ejs": {
      "version": "6.0.1",
      "resolved": "https://registry.npmjs.org/ejs/-/ejs-6.0.1.tgz",
      "integrity": "sha512-UaaM14yby8U3k02ihS1Bmj5Kz2d7CCQM1scxpgs4Mhkq8F1wR2gl3+Ts4h5Ne4Mnt7M9m4Dw7jsuMr3+xO4vZA==",
      "license": "Apache-2.0",
      "bin": {
        "ejs": "bin/cli.js"
      },
      "engines": {
        "node": ">=0.12.18"
      }
    }
  }
}
